{"1.2.0",
[{<<"amqp_client">>,{pkg,<<"amqp_client">>,<<"3.7.8">>},0},
 {<<"goldrush">>,{pkg,<<"goldrush">>,<<"0.1.9">>},3},
 {<<"jsx">>,{pkg,<<"jsx">>,<<"2.8.2">>},2},
 {<<"lager">>,{pkg,<<"lager">>,<<"3.6.3">>},2},
 {<<"rabbit_common">>,{pkg,<<"rabbit_common">>,<<"3.7.8">>},1},
 {<<"ranch">>,{pkg,<<"ranch">>,<<"1.5.0">>},2},
 {<<"ranch_proxy_protocol">>,{pkg,<<"ranch_proxy_protocol">>,<<"1.5.0">>},2},
 {<<"recon">>,{pkg,<<"recon">>,<<"2.3.2">>},2}]}.
[
{pkg_hash,[
 {<<"amqp_client">>, <<"5EC44AD152AED8519EF557189FA21E779F60578D21BCAB36CABE381B451728EE">>},
 {<<"goldrush">>, <<"F06E5D5F1277DA5C413E84D5A2924174182FB108DABB39D5EC548B27424CD106">>},
 {<<"jsx">>, <<"7ACC7D785B5ABE8A6E9ADBDE926A24E481F29956DD8B4DF49E3E4E7BCC92A018">>},
 {<<"lager">>, <<"FE78951D174616273F87F0DBC3374D1430B1952E5EFC4E1C995592D30A207294">>},
 {<<"rabbit_common">>, <<"E1410371C5814F85092B6DDA85AA25FAD945E7A41A9C4E34A59E61BD59A8C3B2">>},
 {<<"ranch">>, <<"F04166F456790FEE2AC1AA05A02745CC75783C2BFB26D39FAF6AEFC9A3D3A58A">>},
 {<<"ranch_proxy_protocol">>, <<"E698AAEB590AD504B649DC0D3055ABEE6CAF0B49D3CAEE1A080AE83B5B499F30">>},
 {<<"recon">>, <<"4444C879BE323B1B133EEC5241CB84BD3821EA194C740D75617E106BE4744318">>}]},
{pkg_hash_ext,[
 {<<"amqp_client">>, <<"6729C93A3E8866120D6CC6C9E966489E1912B5E90F168E74F2DB06A3DCC8BCA9">>},
 {<<"goldrush">>, <<"99CB4128CFFCB3227581E5D4D803D5413FA643F4EB96523F77D9E6937D994CEB">>},
 {<<"jsx">>, <<"B4C5D3230B397C8D95579E4A3D72826BB6463160130CCF4182F5BE8579B5F44C">>},
 {<<"lager">>, <<"764C0C8A445DCE31926C2C33ACAB7D514CE4FEDB9390374FE4D0AD72C39F0894">>},
 {<<"rabbit_common">>, <<"B1380161988F7862924308C77F0AD627D9C9D93DD06919497C596FF64406CF4D">>},
 {<<"ranch">>, <<"86D40FC42AA47BCB6952DDF1DBFD3DA04B5BA69AFB65C322C99845913250B11F">>},
 {<<"ranch_proxy_protocol">>, <<"DC64B548AA4698E5A6F33AB125F5F60F60590F63E42CF84900EF7D4E978BF970">>},
 {<<"recon">>, <<"A6FCFBDABE1AEF9119B871304846B1CE282D9A4124BCDDAFC7616C1A256C7596">>}]}
].
